
Microsoft Visual Studio Solution File, Format Version 12.00
# Visual Studio Version 16
VisualStudioVersion = 16.0.33130.400
MinimumVisualStudioVersion = 10.0.40219.1
Project("{FAE04EC0-301F-11D3-BF4B-00C04F79EFBC}") = "flyweight", "flyweight\flyweight.csproj", "{4C43F10A-34AA-425D-94C4-67C4AA229CEE}"
EndProject
Global
	GlobalSection(SolutionConfigurationPlatforms) = preSolution
		Debug|Any CPU = Debug|Any CPU
		Release|Any CPU = Release|Any CPU
	EndGlobalSection
	GlobalSection(ProjectConfigurationPlatforms) = postSolution
		{4C43F10A-34AA-425D-94C4-67C4AA229CEE}.Debug|Any CPU.ActiveCfg = Debug|Any CPU
		{4C43F10A-34AA-425D-94C4-67C4AA229CEE}.Debug|Any CPU.Build.0 = Debug|Any CPU
		{4C43F10A-34AA-425D-94C4-67C4AA229CEE}.Release|Any CPU.ActiveCfg = Release|Any CPU
		{4C43F10A-34AA-425D-94C4-67C4AA229CEE}.Release|Any CPU.Build.0 = Release|Any CPU
	EndGlobalSection
	GlobalSection(SolutionProperties) = preSolution
		HideSolutionNode = FALSE
	EndGlobalSection
	GlobalSection(ExtensibilityGlobals) = postSolution
		SolutionGuid = {859E39DC-53B0-4296-881E-6B182B2AA1DC}
	EndGlobalSection
EndGlobal
